
Microsoft Visual Studio Solution File, Format Version 12.00
# Visual Studio Version 17
VisualStudioVersion = 17.11.35303.130
MinimumVisualStudioVersion = 10.0.40219.1
Project("{FAE04EC0-301F-11D3-BF4B-00C04F79EFBC}") = "SSHService", "SSHService\SSHService.csproj", "{6CC951E1-9148-4B9E-8277-3ECD00F5EFF7}"
EndProject
Global
	GlobalSection(SolutionConfigurationPlatforms) = preSolution
		Debug|Any CPU = Debug|Any CPU
		Release|Any CPU = Release|Any CPU
	EndGlobalSection
	GlobalSection(ProjectConfigurationPlatforms) = postSolution
		{6CC951E1-9148-4B9E-8277-3ECD00F5EFF7}.Debug|Any CPU.ActiveCfg = Debug|Any CPU
		{6CC951E1-9148-4B9E-8277-3ECD00F5EFF7}.Debug|Any CPU.Build.0 = Debug|Any CPU
		{6CC951E1-9148-4B9E-8277-3ECD00F5EFF7}.Release|Any CPU.ActiveCfg = Release|Any CPU
		{6CC951E1-9148-4B9E-8277-3ECD00F5EFF7}.Release|Any CPU.Build.0 = Release|Any CPU
	EndGlobalSection
	GlobalSection(SolutionProperties) = preSolution
		HideSolutionNode = FALSE
	EndGlobalSection
	GlobalSection(ExtensibilityGlobals) = postSolution
		SolutionGuid = {FE0D7408-1D99-4883-94A9-1399DD8D7A96}
	EndGlobalSection
EndGlobal
